
Microsoft Visual Studio Solution File, Format Version 12.00
# Visual Studio 2013
VisualStudioVersion = 12.0.30110.0
MinimumVisualStudioVersion = 10.0.40219.1
Project("{8BC9CEB8-8B4A-11D0-8D11-00A0C91BC942}") = "build", "build\build.vcxproj", "{14159645-DF32-4D36-B2F5-361DF96B3F61}"
EndProject
Project("{8BC9CEB8-8B4A-11D0-8D11-00A0C91BC942}") = "system", "system\system.vcxproj", "{F70E1AE0-D324-4745-A4BA-D98DFAD5FE24}"
	ProjectSection(ProjectDependencies) = postProject
		{0166350B-56E4-447C-A4B3-0E3610C5E67F} = {0166350B-56E4-447C-A4B3-0E3610C5E67F}
		{5E9EE615-B806-48F7-B0FC-AD52CDAC81EE} = {5E9EE615-B806-48F7-B0FC-AD52CDAC81EE}
		{35EDDF79-B47F-4D1E-BA52-B85DA6BD4770} = {35EDDF79-B47F-4D1E-BA52-B85DA6BD4770}
		{562F0F83-76FA-433B-807A-921FA112E22B} = {562F0F83-76FA-433B-807A-921FA112E22B}
	EndProjectSection
EndProject
Project("{8BC9CEB8-8B4A-11D0-8D11-00A0C91BC942}") = "bootsect", "bootsect\bootsect.vcxproj", "{9CF671A8-DC65-4C7D-A5B3-CE41AE40F374}"
EndProject
Project("{8BC9CEB8-8B4A-11D0-8D11-00A0C91BC942}") = "setup", "setup\setup.vcxproj", "{6EF06171-F751-4C1D-811B-0ABA48EE2EF5}"
EndProject
Project("{8BC9CEB8-8B4A-11D0-8D11-00A0C91BC942}") = "image", "image\image.vcxproj", "{A095E150-93A6-4FF5-915C-492D7E0DCAF2}"
	ProjectSection(ProjectDependencies) = postProject
		{14159645-DF32-4D36-B2F5-361DF96B3F61} = {14159645-DF32-4D36-B2F5-361DF96B3F61}
		{6EF06171-F751-4C1D-811B-0ABA48EE2EF5} = {6EF06171-F751-4C1D-811B-0ABA48EE2EF5}
		{9CF671A8-DC65-4C7D-A5B3-CE41AE40F374} = {9CF671A8-DC65-4C7D-A5B3-CE41AE40F374}
		{F70E1AE0-D324-4745-A4BA-D98DFAD5FE24} = {F70E1AE0-D324-4745-A4BA-D98DFAD5FE24}
	EndProjectSection
EndProject
Project("{8BC9CEB8-8B4A-11D0-8D11-00A0C91BC942}") = "chr_drv", "chr_drv\chr_drv.vcxproj", "{5E9EE615-B806-48F7-B0FC-AD52CDAC81EE}"
EndProject
Project("{8BC9CEB8-8B4A-11D0-8D11-00A0C91BC942}") = "blk_drv", "blk_drv\blk_drv.vcxproj", "{0166350B-56E4-447C-A4B3-0E3610C5E67F}"
EndProject
Project("{8BC9CEB8-8B4A-11D0-8D11-00A0C91BC942}") = "lib", "lib\lib.vcxproj", "{35EDDF79-B47F-4D1E-BA52-B85DA6BD4770}"
EndProject
Project("{8BC9CEB8-8B4A-11D0-8D11-00A0C91BC942}") = "math", "math\math.vcxproj", "{562F0F83-76FA-433B-807A-921FA112E22B}"
EndProject
Global
	GlobalSection(SolutionConfigurationPlatforms) = preSolution
		Debug|Win32 = Debug|Win32
		Release|Win32 = Release|Win32
	EndGlobalSection
	GlobalSection(ProjectConfigurationPlatforms) = postSolution
		{14159645-DF32-4D36-B2F5-361DF96B3F61}.Debug|Win32.ActiveCfg = Debug|Win32
		{14159645-DF32-4D36-B2F5-361DF96B3F61}.Debug|Win32.Build.0 = Debug|Win32
		{14159645-DF32-4D36-B2F5-361DF96B3F61}.Release|Win32.ActiveCfg = Release|Win32
		{14159645-DF32-4D36-B2F5-361DF96B3F61}.Release|Win32.Build.0 = Release|Win32
		{F70E1AE0-D324-4745-A4BA-D98DFAD5FE24}.Debug|Win32.ActiveCfg = Release|Win32
		{F70E1AE0-D324-4745-A4BA-D98DFAD5FE24}.Debug|Win32.Build.0 = Release|Win32
		{F70E1AE0-D324-4745-A4BA-D98DFAD5FE24}.Release|Win32.ActiveCfg = Release|Win32
		{F70E1AE0-D324-4745-A4BA-D98DFAD5FE24}.Release|Win32.Build.0 = Release|Win32
		{9CF671A8-DC65-4C7D-A5B3-CE41AE40F374}.Debug|Win32.ActiveCfg = Release|Win32
		{9CF671A8-DC65-4C7D-A5B3-CE41AE40F374}.Debug|Win32.Build.0 = Release|Win32
		{9CF671A8-DC65-4C7D-A5B3-CE41AE40F374}.Release|Win32.ActiveCfg = Release|Win32
		{9CF671A8-DC65-4C7D-A5B3-CE41AE40F374}.Release|Win32.Build.0 = Release|Win32
		{6EF06171-F751-4C1D-811B-0ABA48EE2EF5}.Debug|Win32.ActiveCfg = Release|Win32
		{6EF06171-F751-4C1D-811B-0ABA48EE2EF5}.Debug|Win32.Build.0 = Release|Win32
		{6EF06171-F751-4C1D-811B-0ABA48EE2EF5}.Release|Win32.ActiveCfg = Release|Win32
		{6EF06171-F751-4C1D-811B-0ABA48EE2EF5}.Release|Win32.Build.0 = Release|Win32
		{A095E150-93A6-4FF5-915C-492D7E0DCAF2}.Debug|Win32.ActiveCfg = Release|Win32
		{A095E150-93A6-4FF5-915C-492D7E0DCAF2}.Debug|Win32.Build.0 = Release|Win32
		{A095E150-93A6-4FF5-915C-492D7E0DCAF2}.Release|Win32.ActiveCfg = Release|Win32
		{A095E150-93A6-4FF5-915C-492D7E0DCAF2}.Release|Win32.Build.0 = Release|Win32
		{5E9EE615-B806-48F7-B0FC-AD52CDAC81EE}.Debug|Win32.ActiveCfg = Release|Win32
		{5E9EE615-B806-48F7-B0FC-AD52CDAC81EE}.Debug|Win32.Build.0 = Release|Win32
		{5E9EE615-B806-48F7-B0FC-AD52CDAC81EE}.Release|Win32.ActiveCfg = Release|Win32
		{5E9EE615-B806-48F7-B0FC-AD52CDAC81EE}.Release|Win32.Build.0 = Release|Win32
		{0166350B-56E4-447C-A4B3-0E3610C5E67F}.Debug|Win32.ActiveCfg = Release|Win32
		{0166350B-56E4-447C-A4B3-0E3610C5E67F}.Debug|Win32.Build.0 = Release|Win32
		{0166350B-56E4-447C-A4B3-0E3610C5E67F}.Release|Win32.ActiveCfg = Release|Win32
		{0166350B-56E4-447C-A4B3-0E3610C5E67F}.Release|Win32.Build.0 = Release|Win32
		{35EDDF79-B47F-4D1E-BA52-B85DA6BD4770}.Debug|Win32.ActiveCfg = Release|Win32
		{35EDDF79-B47F-4D1E-BA52-B85DA6BD4770}.Debug|Win32.Build.0 = Release|Win32
		{35EDDF79-B47F-4D1E-BA52-B85DA6BD4770}.Release|Win32.ActiveCfg = Release|Win32
		{35EDDF79-B47F-4D1E-BA52-B85DA6BD4770}.Release|Win32.Build.0 = Release|Win32
		{562F0F83-76FA-433B-807A-921FA112E22B}.Debug|Win32.ActiveCfg = Release|Win32
		{562F0F83-76FA-433B-807A-921FA112E22B}.Debug|Win32.Build.0 = Release|Win32
		{562F0F83-76FA-433B-807A-921FA112E22B}.Release|Win32.ActiveCfg = Release|Win32
		{562F0F83-76FA-433B-807A-921FA112E22B}.Release|Win32.Build.0 = Release|Win32
	EndGlobalSection
	GlobalSection(SolutionProperties) = preSolution
		HideSolutionNode = FALSE
	EndGlobalSection
EndGlobal
